
Microsoft Visual Studio Solution File, Format Version 12.00
# Visual Studio Version 17
VisualStudioVersion = 17.13.35828.75 d17.13
MinimumVisualStudioVersion = 10.0.40219.1
Project("{FAE04EC0-301F-11D3-BF4B-00C04F79EFBC}") = "Statly.API", "Statly.API\Statly.API.csproj", "{EE406186-3258-4C2D-AC8B-A1EF13D4D00B}"
EndProject
Project("{FAE04EC0-301F-11D3-BF4B-00C04F79EFBC}") = "Statly.Domain", "Statly.Domain\Statly.Domain.csproj", "{06F47D18-6259-4CE9-9C6C-496B26C1AA54}"
EndProject
Project("{FAE04EC0-301F-11D3-BF4B-00C04F79EFBC}") = "Statly.Application", "Statly.Application\Statly.Application.csproj", "{EE168AE8-B65E-46C1-A7B7-23ACF1E9F64F}"
EndProject
Project("{FAE04EC0-301F-11D3-BF4B-00C04F79EFBC}") = "Statly.Infrastructure", "Statly.Infrastructure\Statly.Infrastructure.csproj", "{ABA470CF-AEB6-48C9-B8AA-E52E1488A022}"
EndProject
Global
	GlobalSection(SolutionConfigurationPlatforms) = preSolution
		Debug|Any CPU = Debug|Any CPU
		Release|Any CPU = Release|Any CPU
	EndGlobalSection
	GlobalSection(ProjectConfigurationPlatforms) = postSolution
		{EE406186-3258-4C2D-AC8B-A1EF13D4D00B}.Debug|Any CPU.ActiveCfg = Debug|Any CPU
		{EE406186-3258-4C2D-AC8B-A1EF13D4D00B}.Debug|Any CPU.Build.0 = Debug|Any CPU
		{EE406186-3258-4C2D-AC8B-A1EF13D4D00B}.Release|Any CPU.ActiveCfg = Release|Any CPU
		{EE406186-3258-4C2D-AC8B-A1EF13D4D00B}.Release|Any CPU.Build.0 = Release|Any CPU
		{06F47D18-6259-4CE9-9C6C-496B26C1AA54}.Debug|Any CPU.ActiveCfg = Debug|Any CPU
		{06F47D18-6259-4CE9-9C6C-496B26C1AA54}.Debug|Any CPU.Build.0 = Debug|Any CPU
		{06F47D18-6259-4CE9-9C6C-496B26C1AA54}.Release|Any CPU.ActiveCfg = Release|Any CPU
		{06F47D18-6259-4CE9-9C6C-496B26C1AA54}.Release|Any CPU.Build.0 = Release|Any CPU
		{EE168AE8-B65E-46C1-A7B7-23ACF1E9F64F}.Debug|Any CPU.ActiveCfg = Debug|Any CPU
		{EE168AE8-B65E-46C1-A7B7-23ACF1E9F64F}.Debug|Any CPU.Build.0 = Debug|Any CPU
		{EE168AE8-B65E-46C1-A7B7-23ACF1E9F64F}.Release|Any CPU.ActiveCfg = Release|Any CPU
		{EE168AE8-B65E-46C1-A7B7-23ACF1E9F64F}.Release|Any CPU.Build.0 = Release|Any CPU
		{ABA470CF-AEB6-48C9-B8AA-E52E1488A022}.Debug|Any CPU.ActiveCfg = Debug|Any CPU
		{ABA470CF-AEB6-48C9-B8AA-E52E1488A022}.Debug|Any CPU.Build.0 = Debug|Any CPU
		{ABA470CF-AEB6-48C9-B8AA-E52E1488A022}.Release|Any CPU.ActiveCfg = Release|Any CPU
		{ABA470CF-AEB6-48C9-B8AA-E52E1488A022}.Release|Any CPU.Build.0 = Release|Any CPU
	EndGlobalSection
	GlobalSection(SolutionProperties) = preSolution
		HideSolutionNode = FALSE
	EndGlobalSection
	GlobalSection(ExtensibilityGlobals) = postSolution
		SolutionGuid = {31A6A868-A57B-49C8-976D-47A6292917A0}
	EndGlobalSection
EndGlobal
